
Microsoft Visual Studio Solution File, Format Version 12.00
# Visual Studio Version 16
VisualStudioVersion = 16.0.31005.135
MinimumVisualStudioVersion = 10.0.40219.1
Project("{9A19103F-16F7-4668-BE54-9A1E7A4F7556}") = "PekoBot.Discord", "PekoBot.Discord\PekoBot.Discord.csproj", "{EA405CF1-8421-4F0C-B698-D2CE9F2470AE}"
EndProject
Project("{FAE04EC0-301F-11D3-BF4B-00C04F79EFBC}") = "PekoBot.Entities", "PekoBot.Entities\PekoBot.Entities.csproj", "{4D109D9B-9DC4-4756-B882-DA68D7751DEE}"
EndProject
Global
	GlobalSection(SolutionConfigurationPlatforms) = preSolution
		Debug|Any CPU = Debug|Any CPU
		Release|Any CPU = Release|Any CPU
	EndGlobalSection
	GlobalSection(ProjectConfigurationPlatforms) = postSolution
		{EA405CF1-8421-4F0C-B698-D2CE9F2470AE}.Debug|Any CPU.ActiveCfg = Debug|Any CPU
		{EA405CF1-8421-4F0C-B698-D2CE9F2470AE}.Debug|Any CPU.Build.0 = Debug|Any CPU
		{EA405CF1-8421-4F0C-B698-D2CE9F2470AE}.Release|Any CPU.ActiveCfg = Release|Any CPU
		{EA405CF1-8421-4F0C-B698-D2CE9F2470AE}.Release|Any CPU.Build.0 = Release|Any CPU
		{4D109D9B-9DC4-4756-B882-DA68D7751DEE}.Debug|Any CPU.ActiveCfg = Debug|Any CPU
		{4D109D9B-9DC4-4756-B882-DA68D7751DEE}.Debug|Any CPU.Build.0 = Debug|Any CPU
		{4D109D9B-9DC4-4756-B882-DA68D7751DEE}.Release|Any CPU.ActiveCfg = Release|Any CPU
		{4D109D9B-9DC4-4756-B882-DA68D7751DEE}.Release|Any CPU.Build.0 = Release|Any CPU
	EndGlobalSection
	GlobalSection(SolutionProperties) = preSolution
		HideSolutionNode = FALSE
	EndGlobalSection
	GlobalSection(ExtensibilityGlobals) = postSolution
		SolutionGuid = {0AF57D83-14EE-49E8-B002-06A7F0C221DC}
	EndGlobalSection
EndGlobal
