
Microsoft Visual Studio Solution File, Format Version 12.00
# Visual Studio Version 16
VisualStudioVersion = 16.0.30804.86
MinimumVisualStudioVersion = 10.0.40219.1
Project("{9A19103F-16F7-4668-BE54-9A1E7A4F7556}") = "PekoBot.Core", "PekoBot.Core\PekoBot.Core.csproj", "{1A7AB416-8C1E-46BD-B2ED-4399DCBCA387}"
EndProject
Project("{FAE04EC0-301F-11D3-BF4B-00C04F79EFBC}") = "PekoBot.Database", "PekoBot.Database\PekoBot.Database.csproj", "{9896849F-55C1-4222-9983-A1CFE34B2D00}"
EndProject
Project("{FAE04EC0-301F-11D3-BF4B-00C04F79EFBC}") = "PekoBot.Entities", "PekoBot.Entities\PekoBot.Entities.csproj", "{E09DFCF3-3178-432D-BDAD-9C07626EA235}"
EndProject
Global
	GlobalSection(SolutionConfigurationPlatforms) = preSolution
		Debug|Any CPU = Debug|Any CPU
		Release|Any CPU = Release|Any CPU
	EndGlobalSection
	GlobalSection(ProjectConfigurationPlatforms) = postSolution
		{1A7AB416-8C1E-46BD-B2ED-4399DCBCA387}.Debug|Any CPU.ActiveCfg = Debug|Any CPU
		{1A7AB416-8C1E-46BD-B2ED-4399DCBCA387}.Debug|Any CPU.Build.0 = Debug|Any CPU
		{1A7AB416-8C1E-46BD-B2ED-4399DCBCA387}.Release|Any CPU.ActiveCfg = Release|Any CPU
		{1A7AB416-8C1E-46BD-B2ED-4399DCBCA387}.Release|Any CPU.Build.0 = Release|Any CPU
		{9896849F-55C1-4222-9983-A1CFE34B2D00}.Debug|Any CPU.ActiveCfg = Debug|Any CPU
		{9896849F-55C1-4222-9983-A1CFE34B2D00}.Debug|Any CPU.Build.0 = Debug|Any CPU
		{9896849F-55C1-4222-9983-A1CFE34B2D00}.Release|Any CPU.ActiveCfg = Release|Any CPU
		{9896849F-55C1-4222-9983-A1CFE34B2D00}.Release|Any CPU.Build.0 = Release|Any CPU
		{E09DFCF3-3178-432D-BDAD-9C07626EA235}.Debug|Any CPU.ActiveCfg = Debug|Any CPU
		{E09DFCF3-3178-432D-BDAD-9C07626EA235}.Debug|Any CPU.Build.0 = Debug|Any CPU
		{E09DFCF3-3178-432D-BDAD-9C07626EA235}.Release|Any CPU.ActiveCfg = Release|Any CPU
		{E09DFCF3-3178-432D-BDAD-9C07626EA235}.Release|Any CPU.Build.0 = Release|Any CPU
	EndGlobalSection
	GlobalSection(SolutionProperties) = preSolution
		HideSolutionNode = FALSE
	EndGlobalSection
	GlobalSection(ExtensibilityGlobals) = postSolution
		SolutionGuid = {93DA2AAC-40F5-471F-B4B5-A547085CB4A0}
	EndGlobalSection
EndGlobal
